{
  "originHash" : "8f41067740b6399ffc93220974bde95c34fe4fe411e2dc043beb699efc0e7d84",
  "pins" : [
    {
      "identity" : "iqkeyboardmanager",
      "kind" : "remoteSourceControl",
      "location" : "https://github.com/hackiftekhar/IQKeyboardManager.git",
      "state" : {
        "revision" : "c00b1ae9fa1ad8af4465bb6ca901f6943fc98eba",
        "version" : "6.5.16"
      }
    }
  ],
  "version" : 3
}
