// !$*UTF8*$!
{
	archiveVersion = 1;
	classes = {
	};
	objectVersion = 56;
	objects = {

/* Begin PBXBuildFile section */
		7F0141172C246F8D00B35537 /* truncateText.swift in Sources */ = {isa = PBXBuildFile; fileRef = 7F0141162C246F8D00B35537 /* truncateText.swift */; };
		7F0141182C246F9300B35537 /* truncateText.swift in Sources */ = {isa = PBXBuildFile; fileRef = 7F0141162C246F8D00B35537 /* truncateText.swift */; };
		7F06A27C2BC964630087BF1B /* iCloudService.swift in Sources */ = {isa = PBXBuildFile; fileRef = 7F06A27B2BC964630087BF1B /* iCloudService.swift */; };
		7F06A27D2BC964630087BF1B /* iCloudService.swift in Sources */ = {isa = PBXBuildFile; fileRef = 7F06A27B2BC964630087BF1B /* iCloudService.swift */; };
		7F06A27F2BC965320087BF1B /* WidgetSettings.swift in Sources */ = {isa = PBXBuildFile; fileRef = 7F06A27E2BC965320087BF1B /* WidgetSettings.swift */; };
		7F06A2802BC965320087BF1B /* WidgetSettings.swift in Sources */ = {isa = PBXBuildFile; fileRef = 7F06A27E2BC965320087BF1B /* WidgetSettings.swift */; };
		7F06A2862BC96BF50087BF1B /* Constants.swift in Sources */ = {isa = PBXBuildFile; fileRef = 7F06A2852BC96BF50087BF1B /* Constants.swift */; };
		7F06A2872BC96BF50087BF1B /* Constants.swift in Sources */ = {isa = PBXBuildFile; fileRef = 7F06A2852BC96BF50087BF1B /* Constants.swift */; };
		7F300D042C245CB400E68173 /* AppIntent.swift in Sources */ = {isa = PBXBuildFile; fileRef = 7F44D4592B34498A00730DA6 /* AppIntent.swift */; };
		7F44D40B2B34440400730DA6 /* WidgetApp.swift in Sources */ = {isa = PBXBuildFile; fileRef = 7F44D40A2B34440400730DA6 /* WidgetApp.swift */; };
		7F44D40D2B34440400730DA6 /* WidgetSettingsView.swift in Sources */ = {isa = PBXBuildFile; fileRef = 7F44D40C2B34440400730DA6 /* WidgetSettingsView.swift */; };
		7F44D40F2B34440600730DA6 /* Assets.xcassets in Resources */ = {isa = PBXBuildFile; fileRef = 7F44D40E2B34440600730DA6 /* Assets.xcassets */; };
		7F44D4132B34440600730DA6 /* Preview Assets.xcassets in Resources */ = {isa = PBXBuildFile; fileRef = 7F44D4122B34440600730DA6 /* Preview Assets.xcassets */; };
		7F44D4522B34498900730DA6 /* WidgetKit.framework in Frameworks */ = {isa = PBXBuildFile; fileRef = 7F44D41F2B3444B200730DA6 /* WidgetKit.framework */; };
		7F44D4532B34498900730DA6 /* SwiftUI.framework in Frameworks */ = {isa = PBXBuildFile; fileRef = 7F44D4212B3444B200730DA6 /* SwiftUI.framework */; };
		7F44D4562B34498900730DA6 /* WidgetAppWidgetBundle.swift in Sources */ = {isa = PBXBuildFile; fileRef = 7F44D4552B34498900730DA6 /* WidgetAppWidgetBundle.swift */; };
		7F44D4582B34498A00730DA6 /* WidgetAppWidget.swift in Sources */ = {isa = PBXBuildFile; fileRef = 7F44D4572B34498A00730DA6 /* WidgetAppWidget.swift */; };
		7F44D45A2B34498A00730DA6 /* AppIntent.swift in Sources */ = {isa = PBXBuildFile; fileRef = 7F44D4592B34498A00730DA6 /* AppIntent.swift */; };
		7F44D45C2B34498A00730DA6 /* Assets.xcassets in Resources */ = {isa = PBXBuildFile; fileRef = 7F44D45B2B34498A00730DA6 /* Assets.xcassets */; };
		7F44D4612B34498A00730DA6 /* WidgetAppWidgetExtension.appex in Embed Foundation Extensions */ = {isa = PBXBuildFile; fileRef = 7F44D4512B34498900730DA6 /* WidgetAppWidgetExtension.appex */; settings = {ATTRIBUTES = (RemoveHeadersOnCopy, ); }; };
		7F4FD8CD2BF4F18300556E5A /* WidgetCarousel.swift in Sources */ = {isa = PBXBuildFile; fileRef = 7F4FD8CC2BF4F18300556E5A /* WidgetCarousel.swift */; };
		7F4FD8CF2BF4F24F00556E5A /* AddWidgetView.swift in Sources */ = {isa = PBXBuildFile; fileRef = 7F4FD8CE2BF4F24F00556E5A /* AddWidgetView.swift */; };
		7F4FD8D12BF4FBC100556E5A /* WidgetSettingsRepository.swift in Sources */ = {isa = PBXBuildFile; fileRef = 7F4FD8D02BF4FBC100556E5A /* WidgetSettingsRepository.swift */; };
		7F4FD8D72BF60F0000556E5A /* Environment.swift in Sources */ = {isa = PBXBuildFile; fileRef = 7F4FD8D62BF60F0000556E5A /* Environment.swift */; };
		7F5365992C3303BB000467E9 /* Provider.swift in Sources */ = {isa = PBXBuildFile; fileRef = 7F5365972C3303A3000467E9 /* Provider.swift */; };
		7F57D5352BF6D2BB00F722B8 /* UserDefaults+appGroup.swift in Sources */ = {isa = PBXBuildFile; fileRef = 7F57D5342BF6D2BB00F722B8 /* UserDefaults+appGroup.swift */; };
		7F61B2352C3366CC005716F8 /* Uniqued.swift in Sources */ = {isa = PBXBuildFile; fileRef = 7F61B2342C3366CC005716F8 /* Uniqued.swift */; };
		7F66AC0B2B433C9500C6076E /* WidgetTypes.swift in Sources */ = {isa = PBXBuildFile; fileRef = 7F66AC0A2B433C9500C6076E /* WidgetTypes.swift */; };
		7F66AC0C2B43644E00C6076E /* WidgetTypes.swift in Sources */ = {isa = PBXBuildFile; fileRef = 7F66AC0A2B433C9500C6076E /* WidgetTypes.swift */; };
		7F6C79E32C24499900623569 /* WidgetSettingsRepository.swift in Sources */ = {isa = PBXBuildFile; fileRef = 7F4FD8D02BF4FBC100556E5A /* WidgetSettingsRepository.swift */; };
		7F7E9BFA2B35CFF80016407C /* Color+encode.swift in Sources */ = {isa = PBXBuildFile; fileRef = 7F7E9BF92B35CFF80016407C /* Color+encode.swift */; };
		7F7E9BFB2B35D5CC0016407C /* Color+encode.swift in Sources */ = {isa = PBXBuildFile; fileRef = 7F7E9BF92B35CFF80016407C /* Color+encode.swift */; };
		7F998AF72B3492EC0094F970 /* WidgetView.swift in Sources */ = {isa = PBXBuildFile; fileRef = 7F998AF62B3492EC0094F970 /* WidgetView.swift */; };
		7F998AF82B34930E0094F970 /* WidgetView.swift in Sources */ = {isa = PBXBuildFile; fileRef = 7F998AF62B3492EC0094F970 /* WidgetView.swift */; };
		7FB48D232BB1D8900042BD25 /* PrivacyInfo.xcprivacy in Resources */ = {isa = PBXBuildFile; fileRef = 7FB48D222BB1D8900042BD25 /* PrivacyInfo.xcprivacy */; };
		7FB48D242BB1D8900042BD25 /* PrivacyInfo.xcprivacy in Resources */ = {isa = PBXBuildFile; fileRef = 7FB48D222BB1D8900042BD25 /* PrivacyInfo.xcprivacy */; };
		7FFA4E792B48B5FF0098DAB0 /* IQKeyboardManagerSwift in Frameworks */ = {isa = PBXBuildFile; productRef = 7FFA4E782B48B5FF0098DAB0 /* IQKeyboardManagerSwift */; };
		7FFA4E7B2B48B6FC0098DAB0 /* View+hideKeyboard.swift in Sources */ = {isa = PBXBuildFile; fileRef = 7FFA4E7A2B48B6FC0098DAB0 /* View+hideKeyboard.swift */; };
/* End PBXBuildFile section */

/* Begin PBXContainerItemProxy section */
		7F44D45F2B34498A00730DA6 /* PBXContainerItemProxy */ = {
			isa = PBXContainerItemProxy;
			containerPortal = 7F44D3FF2B34440400730DA6 /* Project object */;
			proxyType = 1;
			remoteGlobalIDString = 7F44D4502B34498900730DA6;
			remoteInfo = WidgetAppWidgetExtension;
		};
/* End PBXContainerItemProxy section */

/* Begin PBXCopyFilesBuildPhase section */
		7F44D4342B3444B300730DA6 /* Embed Foundation Extensions */ = {
			isa = PBXCopyFilesBuildPhase;
			buildActionMask = 2147483647;
			dstPath = "";
			dstSubfolderSpec = 13;
			files = (
				7F44D4612B34498A00730DA6 /* WidgetAppWidgetExtension.appex in Embed Foundation Extensions */,
			);
			name = "Embed Foundation Extensions";
			runOnlyForDeploymentPostprocessing = 0;
		};
/* End PBXCopyFilesBuildPhase section */

/* Begin PBXFileReference section */
		7F0141162C246F8D00B35537 /* truncateText.swift */ = {isa = PBXFileReference; lastKnownFileType = sourcecode.swift; path = truncateText.swift; sourceTree = "<group>"; };
		7F06A27B2BC964630087BF1B /* iCloudService.swift */ = {isa = PBXFileReference; lastKnownFileType = sourcecode.swift; path = iCloudService.swift; sourceTree = "<group>"; };
		7F06A27E2BC965320087BF1B /* WidgetSettings.swift */ = {isa = PBXFileReference; lastKnownFileType = sourcecode.swift; path = WidgetSettings.swift; sourceTree = "<group>"; };
		7F06A2852BC96BF50087BF1B /* Constants.swift */ = {isa = PBXFileReference; lastKnownFileType = sourcecode.swift; path = Constants.swift; sourceTree = "<group>"; };
		7F44D4072B34440400730DA6 /* WidgetApp.app */ = {isa = PBXFileReference; explicitFileType = wrapper.application; includeInIndex = 0; path = WidgetApp.app; sourceTree = BUILT_PRODUCTS_DIR; };
		7F44D40A2B34440400730DA6 /* WidgetApp.swift */ = {isa = PBXFileReference; lastKnownFileType = sourcecode.swift; path = WidgetApp.swift; sourceTree = "<group>"; };
		7F44D40C2B34440400730DA6 /* WidgetSettingsView.swift */ = {isa = PBXFileReference; lastKnownFileType = sourcecode.swift; path = WidgetSettingsView.swift; sourceTree = "<group>"; };
		7F44D40E2B34440600730DA6 /* Assets.xcassets */ = {isa = PBXFileReference; lastKnownFileType = folder.assetcatalog; path = Assets.xcassets; sourceTree = "<group>"; };
		7F44D4102B34440600730DA6 /* WidgetApp.entitlements */ = {isa = PBXFileReference; lastKnownFileType = text.plist.entitlements; path = WidgetApp.entitlements; sourceTree = "<group>"; };
		7F44D4122B34440600730DA6 /* Preview Assets.xcassets */ = {isa = PBXFileReference; lastKnownFileType = folder.assetcatalog; path = "Preview Assets.xcassets"; sourceTree = "<group>"; };
		7F44D41F2B3444B200730DA6 /* WidgetKit.framework */ = {isa = PBXFileReference; lastKnownFileType = wrapper.framework; name = WidgetKit.framework; path = System/Library/Frameworks/WidgetKit.framework; sourceTree = SDKROOT; };
		7F44D4212B3444B200730DA6 /* SwiftUI.framework */ = {isa = PBXFileReference; lastKnownFileType = wrapper.framework; name = SwiftUI.framework; path = System/Library/Frameworks/SwiftUI.framework; sourceTree = SDKROOT; };
		7F44D4512B34498900730DA6 /* WidgetAppWidgetExtension.appex */ = {isa = PBXFileReference; explicitFileType = "wrapper.app-extension"; includeInIndex = 0; path = WidgetAppWidgetExtension.appex; sourceTree = BUILT_PRODUCTS_DIR; };
		7F44D4552B34498900730DA6 /* WidgetAppWidgetBundle.swift */ = {isa = PBXFileReference; lastKnownFileType = sourcecode.swift; path = WidgetAppWidgetBundle.swift; sourceTree = "<group>"; };
		7F44D4572B34498A00730DA6 /* WidgetAppWidget.swift */ = {isa = PBXFileReference; lastKnownFileType = sourcecode.swift; path = WidgetAppWidget.swift; sourceTree = "<group>"; };
		7F44D4592B34498A00730DA6 /* AppIntent.swift */ = {isa = PBXFileReference; lastKnownFileType = sourcecode.swift; path = AppIntent.swift; sourceTree = "<group>"; };
		7F44D45B2B34498A00730DA6 /* Assets.xcassets */ = {isa = PBXFileReference; lastKnownFileType = folder.assetcatalog; path = Assets.xcassets; sourceTree = "<group>"; };
		7F4FD8CB2BF4ECC300556E5A /* WidgetAppWidget.entitlements */ = {isa = PBXFileReference; fileEncoding = 4; lastKnownFileType = text.plist.entitlements; path = WidgetAppWidget.entitlements; sourceTree = "<group>"; };
		7F4FD8CC2BF4F18300556E5A /* WidgetCarousel.swift */ = {isa = PBXFileReference; lastKnownFileType = sourcecode.swift; path = WidgetCarousel.swift; sourceTree = "<group>"; };
		7F4FD8CE2BF4F24F00556E5A /* AddWidgetView.swift */ = {isa = PBXFileReference; lastKnownFileType = sourcecode.swift; path = AddWidgetView.swift; sourceTree = "<group>"; };
		7F4FD8D02BF4FBC100556E5A /* WidgetSettingsRepository.swift */ = {isa = PBXFileReference; lastKnownFileType = sourcecode.swift; path = WidgetSettingsRepository.swift; sourceTree = "<group>"; };
		7F4FD8D62BF60F0000556E5A /* Environment.swift */ = {isa = PBXFileReference; lastKnownFileType = sourcecode.swift; path = Environment.swift; sourceTree = "<group>"; };
		7F5365972C3303A3000467E9 /* Provider.swift */ = {isa = PBXFileReference; lastKnownFileType = sourcecode.swift; path = Provider.swift; sourceTree = "<group>"; };
		7F57D5342BF6D2BB00F722B8 /* UserDefaults+appGroup.swift */ = {isa = PBXFileReference; lastKnownFileType = sourcecode.swift; path = "UserDefaults+appGroup.swift"; sourceTree = "<group>"; };
		7F61B2342C3366CC005716F8 /* Uniqued.swift */ = {isa = PBXFileReference; lastKnownFileType = sourcecode.swift; path = Uniqued.swift; sourceTree = "<group>"; };
		7F66AC0A2B433C9500C6076E /* WidgetTypes.swift */ = {isa = PBXFileReference; lastKnownFileType = sourcecode.swift; path = WidgetTypes.swift; sourceTree = "<group>"; };
		7F7E9BF92B35CFF80016407C /* Color+encode.swift */ = {isa = PBXFileReference; lastKnownFileType = sourcecode.swift; path = "Color+encode.swift"; sourceTree = "<group>"; };
		7F998AF62B3492EC0094F970 /* WidgetView.swift */ = {isa = PBXFileReference; lastKnownFileType = sourcecode.swift; path = WidgetView.swift; sourceTree = "<group>"; };
		7FB48D222BB1D8900042BD25 /* PrivacyInfo.xcprivacy */ = {isa = PBXFileReference; lastKnownFileType = text.xml; path = PrivacyInfo.xcprivacy; sourceTree = "<group>"; };
		7FB48D292BB1DF340042BD25 /* Info.plist */ = {isa = PBXFileReference; fileEncoding = 4; lastKnownFileType = text.plist.xml; path = Info.plist; sourceTree = "<group>"; };
		7FFA4E7A2B48B6FC0098DAB0 /* View+hideKeyboard.swift */ = {isa = PBXFileReference; lastKnownFileType = sourcecode.swift; path = "View+hideKeyboard.swift"; sourceTree = "<group>"; };
		7FFA4E7C2B4B54940098DAB0 /* Info.plist */ = {isa = PBXFileReference; lastKnownFileType = text.plist; path = Info.plist; sourceTree = "<group>"; };
/* End PBXFileReference section */

/* Begin PBXFrameworksBuildPhase section */
		7F44D4042B34440400730DA6 /* Frameworks */ = {
			isa = PBXFrameworksBuildPhase;
			buildActionMask = 2147483647;
			files = (
				7FFA4E792B48B5FF0098DAB0 /* IQKeyboardManagerSwift in Frameworks */,
			);
			runOnlyForDeploymentPostprocessing = 0;
		};
		7F44D44E2B34498900730DA6 /* Frameworks */ = {
			isa = PBXFrameworksBuildPhase;
			buildActionMask = 2147483647;
			files = (
				7F44D4532B34498900730DA6 /* SwiftUI.framework in Frameworks */,
				7F44D4522B34498900730DA6 /* WidgetKit.framework in Frameworks */,
			);
			runOnlyForDeploymentPostprocessing = 0;
		};
/* End PBXFrameworksBuildPhase section */

/* Begin PBXGroup section */
		7F06A2812BC966870087BF1B /* Models */ = {
			isa = PBXGroup;
			children = (
				7F66AC0A2B433C9500C6076E /* WidgetTypes.swift */,
				7F06A27E2BC965320087BF1B /* WidgetSettings.swift */,
			);
			path = Models;
			sourceTree = "<group>";
		};
		7F44D3FE2B34440400730DA6 = {
			isa = PBXGroup;
			children = (
				7F57D5382BF7CE0A00F722B8 /* Views */,
				7F06A2852BC96BF50087BF1B /* Constants.swift */,
				7F4FD8D62BF60F0000556E5A /* Environment.swift */,
				7F4FD8D02BF4FBC100556E5A /* WidgetSettingsRepository.swift */,
				7FB48D222BB1D8900042BD25 /* PrivacyInfo.xcprivacy */,
				7F44D4092B34440400730DA6 /* WidgetApp */,
				7F44D4542B34498900730DA6 /* WidgetExtension */,
				7F44D41E2B3444B200730DA6 /* Frameworks */,
				7F44D4082B34440400730DA6 /* Products */,
			);
			sourceTree = "<group>";
		};
		7F44D4082B34440400730DA6 /* Products */ = {
			isa = PBXGroup;
			children = (
				7F44D4072B34440400730DA6 /* WidgetApp.app */,
				7F44D4512B34498900730DA6 /* WidgetAppWidgetExtension.appex */,
			);
			name = Products;
			sourceTree = "<group>";
		};
		7F44D4092B34440400730DA6 /* WidgetApp */ = {
			isa = PBXGroup;
			children = (
				7F44D40A2B34440400730DA6 /* WidgetApp.swift */,
				7F4FD8CC2BF4F18300556E5A /* WidgetCarousel.swift */,
				7F06A2812BC966870087BF1B /* Models */,
				7FFA4E7C2B4B54940098DAB0 /* Info.plist */,
				7F06A27B2BC964630087BF1B /* iCloudService.swift */,
				7F7E9BF82B35CFED0016407C /* Utilities */,
				7F44D40E2B34440600730DA6 /* Assets.xcassets */,
				7F44D4102B34440600730DA6 /* WidgetApp.entitlements */,
				7F44D4112B34440600730DA6 /* Preview Content */,
				7F998AF62B3492EC0094F970 /* WidgetView.swift */,
			);
			path = WidgetApp;
			sourceTree = "<group>";
		};
		7F44D4112B34440600730DA6 /* Preview Content */ = {
			isa = PBXGroup;
			children = (
				7F44D4122B34440600730DA6 /* Preview Assets.xcassets */,
			);
			path = "Preview Content";
			sourceTree = "<group>";
		};
		7F44D41E2B3444B200730DA6 /* Frameworks */ = {
			isa = PBXGroup;
			children = (
				7F44D41F2B3444B200730DA6 /* WidgetKit.framework */,
				7F44D4212B3444B200730DA6 /* SwiftUI.framework */,
			);
			name = Frameworks;
			sourceTree = "<group>";
		};
		7F44D4542B34498900730DA6 /* WidgetExtension */ = {
			isa = PBXGroup;
			children = (
				7FB48D292BB1DF340042BD25 /* Info.plist */,
				7F44D4552B34498900730DA6 /* WidgetAppWidgetBundle.swift */,
				7F44D4572B34498A00730DA6 /* WidgetAppWidget.swift */,
				7F44D4592B34498A00730DA6 /* AppIntent.swift */,
				7F44D45B2B34498A00730DA6 /* Assets.xcassets */,
				7F4FD8CB2BF4ECC300556E5A /* WidgetAppWidget.entitlements */,
				7F5365972C3303A3000467E9 /* Provider.swift */,
			);
			path = WidgetExtension;
			sourceTree = "<group>";
		};
		7F57D5382BF7CE0A00F722B8 /* Views */ = {
			isa = PBXGroup;
			children = (
				7F44D40C2B34440400730DA6 /* WidgetSettingsView.swift */,
				7F4FD8CE2BF4F24F00556E5A /* AddWidgetView.swift */,
			);
			path = Views;
			sourceTree = "<group>";
		};
		7F7E9BF82B35CFED0016407C /* Utilities */ = {
			isa = PBXGroup;
			children = (
				7F7E9BF92B35CFF80016407C /* Color+encode.swift */,
				7FFA4E7A2B48B6FC0098DAB0 /* View+hideKeyboard.swift */,
				7F57D5342BF6D2BB00F722B8 /* UserDefaults+appGroup.swift */,
				7F0141162C246F8D00B35537 /* truncateText.swift */,
				7F61B2342C3366CC005716F8 /* Uniqued.swift */,
			);
			path = Utilities;
			sourceTree = "<group>";
		};
/* End PBXGroup section */

/* Begin PBXNativeTarget section */
		7F44D4062B34440400730DA6 /* WidgetApp */ = {
			isa = PBXNativeTarget;
			buildConfigurationList = 7F44D4162B34440600730DA6 /* Build configuration list for PBXNativeTarget "WidgetApp" */;
			buildPhases = (
				7F44D4032B34440400730DA6 /* Sources */,
				7F44D4042B34440400730DA6 /* Frameworks */,
				7F44D4052B34440400730DA6 /* Resources */,
				7F44D4342B3444B300730DA6 /* Embed Foundation Extensions */,
			);
			buildRules = (
			);
			dependencies = (
				7F44D4602B34498A00730DA6 /* PBXTargetDependency */,
			);
			name = WidgetApp;
			packageProductDependencies = (
				7FFA4E782B48B5FF0098DAB0 /* IQKeyboardManagerSwift */,
			);
			productName = WidgetApp;
			productReference = 7F44D4072B34440400730DA6 /* WidgetApp.app */;
			productType = "com.apple.product-type.application";
		};
		7F44D4502B34498900730DA6 /* WidgetAppWidgetExtension */ = {
			isa = PBXNativeTarget;
			buildConfigurationList = 7F44D4622B34498A00730DA6 /* Build configuration list for PBXNativeTarget "WidgetAppWidgetExtension" */;
			buildPhases = (
				7F44D44D2B34498900730DA6 /* Sources */,
				7F44D44E2B34498900730DA6 /* Frameworks */,
				7F44D44F2B34498900730DA6 /* Resources */,
			);
			buildRules = (
			);
			dependencies = (
			);
			name = WidgetAppWidgetExtension;
			productName = WidgetAppWidgetExtension;
			productReference = 7F44D4512B34498900730DA6 /* WidgetAppWidgetExtension.appex */;
			productType = "com.apple.product-type.app-extension";
		};
/* End PBXNativeTarget section */

/* Begin PBXProject section */
		7F44D3FF2B34440400730DA6 /* Project object */ = {
			isa = PBXProject;
			attributes = {
				BuildIndependentTargetsInParallel = 1;
				LastSwiftUpdateCheck = 1510;
				LastUpgradeCheck = 1530;
				TargetAttributes = {
					7F44D4062B34440400730DA6 = {
						CreatedOnToolsVersion = 15.1;
					};
					7F44D4502B34498900730DA6 = {
						CreatedOnToolsVersion = 15.1;
					};
				};
			};
			buildConfigurationList = 7F44D4022B34440400730DA6 /* Build configuration list for PBXProject "WidgetApp" */;
			compatibilityVersion = "Xcode 14.0";
			developmentRegion = en;
			hasScannedForEncodings = 0;
			knownRegions = (
				en,
				Base,
			);
			mainGroup = 7F44D3FE2B34440400730DA6;
			packageReferences = (
				7FFA4E772B48B5FF0098DAB0 /* XCRemoteSwiftPackageReference "IQKeyboardManager" */,
			);
			productRefGroup = 7F44D4082B34440400730DA6 /* Products */;
			projectDirPath = "";
			projectRoot = "";
			targets = (
				7F44D4062B34440400730DA6 /* WidgetApp */,
				7F44D4502B34498900730DA6 /* WidgetAppWidgetExtension */,
			);
		};
/* End PBXProject section */

/* Begin PBXResourcesBuildPhase section */
		7F44D4052B34440400730DA6 /* Resources */ = {
			isa = PBXResourcesBuildPhase;
			buildActionMask = 2147483647;
			files = (
				7FB48D232BB1D8900042BD25 /* PrivacyInfo.xcprivacy in Resources */,
				7F44D4132B34440600730DA6 /* Preview Assets.xcassets in Resources */,
				7F44D40F2B34440600730DA6 /* Assets.xcassets in Resources */,
			);
			runOnlyForDeploymentPostprocessing = 0;
		};
		7F44D44F2B34498900730DA6 /* Resources */ = {
			isa = PBXResourcesBuildPhase;
			buildActionMask = 2147483647;
			files = (
				7FB48D242BB1D8900042BD25 /* PrivacyInfo.xcprivacy in Resources */,
				7F44D45C2B34498A00730DA6 /* Assets.xcassets in Resources */,
			);
			runOnlyForDeploymentPostprocessing = 0;
		};
/* End PBXResourcesBuildPhase section */

/* Begin PBXSourcesBuildPhase section */
		7F44D4032B34440400730DA6 /* Sources */ = {
			isa = PBXSourcesBuildPhase;
			buildActionMask = 2147483647;
			files = (
				7F06A27C2BC964630087BF1B /* iCloudService.swift in Sources */,
				7F998AF72B3492EC0094F970 /* WidgetView.swift in Sources */,
				7F7E9BFA2B35CFF80016407C /* Color+encode.swift in Sources */,
				7F4FD8D72BF60F0000556E5A /* Environment.swift in Sources */,
				7F57D5352BF6D2BB00F722B8 /* UserDefaults+appGroup.swift in Sources */,
				7F4FD8CD2BF4F18300556E5A /* WidgetCarousel.swift in Sources */,
				7F44D40D2B34440400730DA6 /* WidgetSettingsView.swift in Sources */,
				7F06A27F2BC965320087BF1B /* WidgetSettings.swift in Sources */,
				7F4FD8D12BF4FBC100556E5A /* WidgetSettingsRepository.swift in Sources */,
				7F61B2352C3366CC005716F8 /* Uniqued.swift in Sources */,
				7F44D40B2B34440400730DA6 /* WidgetApp.swift in Sources */,
				7F66AC0B2B433C9500C6076E /* WidgetTypes.swift in Sources */,
				7F4FD8CF2BF4F24F00556E5A /* AddWidgetView.swift in Sources */,
				7F0141172C246F8D00B35537 /* truncateText.swift in Sources */,
				7F300D042C245CB400E68173 /* AppIntent.swift in Sources */,
				7FFA4E7B2B48B6FC0098DAB0 /* View+hideKeyboard.swift in Sources */,
				7F06A2862BC96BF50087BF1B /* Constants.swift in Sources */,
			);
			runOnlyForDeploymentPostprocessing = 0;
		};
		7F44D44D2B34498900730DA6 /* Sources */ = {
			isa = PBXSourcesBuildPhase;
			buildActionMask = 2147483647;
			files = (
				7F06A27D2BC964630087BF1B /* iCloudService.swift in Sources */,
				7F44D4562B34498900730DA6 /* WidgetAppWidgetBundle.swift in Sources */,
				7F66AC0C2B43644E00C6076E /* WidgetTypes.swift in Sources */,
				7F7E9BFB2B35D5CC0016407C /* Color+encode.swift in Sources */,
				7F5365992C3303BB000467E9 /* Provider.swift in Sources */,
				7F06A2802BC965320087BF1B /* WidgetSettings.swift in Sources */,
				7F44D4582B34498A00730DA6 /* WidgetAppWidget.swift in Sources */,
				7F6C79E32C24499900623569 /* WidgetSettingsRepository.swift in Sources */,
				7F998AF82B34930E0094F970 /* WidgetView.swift in Sources */,
				7F44D45A2B34498A00730DA6 /* AppIntent.swift in Sources */,
				7F0141182C246F9300B35537 /* truncateText.swift in Sources */,
				7F06A2872BC96BF50087BF1B /* Constants.swift in Sources */,
			);
			runOnlyForDeploymentPostprocessing = 0;
		};
/* End PBXSourcesBuildPhase section */

/* Begin PBXTargetDependency section */
		7F44D4602B34498A00730DA6 /* PBXTargetDependency */ = {
			isa = PBXTargetDependency;
			target = 7F44D4502B34498900730DA6 /* WidgetAppWidgetExtension */;
			targetProxy = 7F44D45F2B34498A00730DA6 /* PBXContainerItemProxy */;
		};
/* End PBXTargetDependency section */

/* Begin XCBuildConfiguration section */
		7F44D4142B34440600730DA6 /* Debug */ = {
			isa = XCBuildConfiguration;
			buildSettings = {
				ALWAYS_SEARCH_USER_PATHS = NO;
				ASSETCATALOG_COMPILER_GENERATE_SWIFT_ASSET_SYMBOL_EXTENSIONS = YES;
				CLANG_ANALYZER_NONNULL = YES;
				CLANG_ANALYZER_NUMBER_OBJECT_CONVERSION = YES_AGGRESSIVE;
				CLANG_CXX_LANGUAGE_STANDARD = "gnu++20";
				CLANG_ENABLE_MODULES = YES;
				CLANG_ENABLE_OBJC_ARC = YES;
				CLANG_ENABLE_OBJC_WEAK = YES;
				CLANG_WARN_BLOCK_CAPTURE_AUTORELEASING = YES;
				CLANG_WARN_BOOL_CONVERSION = YES;
				CLANG_WARN_COMMA = YES;
				CLANG_WARN_CONSTANT_CONVERSION = YES;
				CLANG_WARN_DEPRECATED_OBJC_IMPLEMENTATIONS = YES;
				CLANG_WARN_DIRECT_OBJC_ISA_USAGE = YES_ERROR;
				CLANG_WARN_DOCUMENTATION_COMMENTS = YES;
				CLANG_WARN_EMPTY_BODY = YES;
				CLANG_WARN_ENUM_CONVERSION = YES;
				CLANG_WARN_INFINITE_RECURSION = YES;
				CLANG_WARN_INT_CONVERSION = YES;
				CLANG_WARN_NON_LITERAL_NULL_CONVERSION = YES;
				CLANG_WARN_OBJC_IMPLICIT_RETAIN_SELF = YES;
				CLANG_WARN_OBJC_LITERAL_CONVERSION = YES;
				CLANG_WARN_OBJC_ROOT_CLASS = YES_ERROR;
				CLANG_WARN_QUOTED_INCLUDE_IN_FRAMEWORK_HEADER = YES;
				CLANG_WARN_RANGE_LOOP_ANALYSIS = YES;
				CLANG_WARN_STRICT_PROTOTYPES = YES;
				CLANG_WARN_SUSPICIOUS_MOVE = YES;
				CLANG_WARN_UNGUARDED_AVAILABILITY = YES_AGGRESSIVE;
				CLANG_WARN_UNREACHABLE_CODE = YES;
				CLANG_WARN__DUPLICATE_METHOD_MATCH = YES;
				COPY_PHASE_STRIP = NO;
				DEAD_CODE_STRIPPING = YES;
				DEBUG_INFORMATION_FORMAT = dwarf;
				ENABLE_STRICT_OBJC_MSGSEND = YES;
				ENABLE_TESTABILITY = YES;
				ENABLE_USER_SCRIPT_SANDBOXING = YES;
				GCC_C_LANGUAGE_STANDARD = gnu17;
				GCC_DYNAMIC_NO_PIC = NO;
				GCC_NO_COMMON_BLOCKS = YES;
				GCC_OPTIMIZATION_LEVEL = 0;
				GCC_PREPROCESSOR_DEFINITIONS = (
					"DEBUG=1",
					"$(inherited)",
				);
				GCC_WARN_64_TO_32_BIT_CONVERSION = YES;
				GCC_WARN_ABOUT_RETURN_TYPE = YES_ERROR;
				GCC_WARN_UNDECLARED_SELECTOR = YES;
				GCC_WARN_UNINITIALIZED_AUTOS = YES_AGGRESSIVE;
				GCC_WARN_UNUSED_FUNCTION = YES;
				GCC_WARN_UNUSED_VARIABLE = YES;
				LOCALIZATION_PREFERS_STRING_CATALOGS = YES;
				MTL_ENABLE_DEBUG_INFO = INCLUDE_SOURCE;
				MTL_FAST_MATH = YES;
				ONLY_ACTIVE_ARCH = YES;
				PRODUCT_NAME = "";
				SWIFT_ACTIVE_COMPILATION_CONDITIONS = "DEBUG $(inherited)";
				SWIFT_OPTIMIZATION_LEVEL = "-Onone";
			};
			name = Debug;
		};
		7F44D4152B34440600730DA6 /* Release */ = {
			isa = XCBuildConfiguration;
			buildSettings = {
				ALWAYS_SEARCH_USER_PATHS = NO;
				ASSETCATALOG_COMPILER_GENERATE_SWIFT_ASSET_SYMBOL_EXTENSIONS = YES;
				CLANG_ANALYZER_NONNULL = YES;
				CLANG_ANALYZER_NUMBER_OBJECT_CONVERSION = YES_AGGRESSIVE;
				CLANG_CXX_LANGUAGE_STANDARD = "gnu++20";
				CLANG_ENABLE_MODULES = YES;
				CLANG_ENABLE_OBJC_ARC = YES;
				CLANG_ENABLE_OBJC_WEAK = YES;
				CLANG_WARN_BLOCK_CAPTURE_AUTORELEASING = YES;
				CLANG_WARN_BOOL_CONVERSION = YES;
				CLANG_WARN_COMMA = YES;
				CLANG_WARN_CONSTANT_CONVERSION = YES;
				CLANG_WARN_DEPRECATED_OBJC_IMPLEMENTATIONS = YES;
				CLANG_WARN_DIRECT_OBJC_ISA_USAGE = YES_ERROR;
				CLANG_WARN_DOCUMENTATION_COMMENTS = YES;
				CLANG_WARN_EMPTY_BODY = YES;
				CLANG_WARN_ENUM_CONVERSION = YES;
				CLANG_WARN_INFINITE_RECURSION = YES;
				CLANG_WARN_INT_CONVERSION = YES;
				CLANG_WARN_NON_LITERAL_NULL_CONVERSION = YES;
				CLANG_WARN_OBJC_IMPLICIT_RETAIN_SELF = YES;
				CLANG_WARN_OBJC_LITERAL_CONVERSION = YES;
				CLANG_WARN_OBJC_ROOT_CLASS = YES_ERROR;
				CLANG_WARN_QUOTED_INCLUDE_IN_FRAMEWORK_HEADER = YES;
				CLANG_WARN_RANGE_LOOP_ANALYSIS = YES;
				CLANG_WARN_STRICT_PROTOTYPES = YES;
				CLANG_WARN_SUSPICIOUS_MOVE = YES;
				CLANG_WARN_UNGUARDED_AVAILABILITY = YES_AGGRESSIVE;
				CLANG_WARN_UNREACHABLE_CODE = YES;
				CLANG_WARN__DUPLICATE_METHOD_MATCH = YES;
				COPY_PHASE_STRIP = NO;
				DEAD_CODE_STRIPPING = YES;
				DEBUG_INFORMATION_FORMAT = "dwarf-with-dsym";
				ENABLE_NS_ASSERTIONS = NO;
				ENABLE_STRICT_OBJC_MSGSEND = YES;
				ENABLE_USER_SCRIPT_SANDBOXING = YES;
				GCC_C_LANGUAGE_STANDARD = gnu17;
				GCC_NO_COMMON_BLOCKS = YES;
				GCC_WARN_64_TO_32_BIT_CONVERSION = YES;
				GCC_WARN_ABOUT_RETURN_TYPE = YES_ERROR;
				GCC_WARN_UNDECLARED_SELECTOR = YES;
				GCC_WARN_UNINITIALIZED_AUTOS = YES_AGGRESSIVE;
				GCC_WARN_UNUSED_FUNCTION = YES;
				GCC_WARN_UNUSED_VARIABLE = YES;
				LOCALIZATION_PREFERS_STRING_CATALOGS = YES;
				MTL_ENABLE_DEBUG_INFO = NO;
				MTL_FAST_MATH = YES;
				PRODUCT_NAME = "";
				SWIFT_COMPILATION_MODE = wholemodule;
			};
			name = Release;
		};
		7F44D4172B34440600730DA6 /* Debug */ = {
			isa = XCBuildConfiguration;
			buildSettings = {
				ALWAYS_EMBED_SWIFT_STANDARD_LIBRARIES = YES;
				ASSETCATALOG_COMPILER_APPICON_NAME = AppIcon;
				ASSETCATALOG_COMPILER_GLOBAL_ACCENT_COLOR_NAME = AccentColor;
				CODE_SIGN_ENTITLEMENTS = WidgetApp/WidgetApp.entitlements;
				CODE_SIGN_IDENTITY = "Apple Development";
				CODE_SIGN_STYLE = Automatic;
				CURRENT_PROJECT_VERSION = 2;
				DEAD_CODE_STRIPPING = YES;
				DEVELOPMENT_ASSET_PATHS = "\"WidgetApp/Preview Content\"";
				DEVELOPMENT_TEAM = 3HV23S92WL;
				ENABLE_HARDENED_RUNTIME = YES;
				ENABLE_PREVIEWS = YES;
				GENERATE_INFOPLIST_FILE = YES;
				INFOPLIST_FILE = WidgetApp/Info.plist;
				INFOPLIST_KEY_CFBundleDisplayName = EchoFrame;
				INFOPLIST_KEY_LSApplicationCategoryType = "public.app-category.utilities";
				"INFOPLIST_KEY_UIApplicationSceneManifest_Generation[sdk=iphoneos*]" = YES;
				"INFOPLIST_KEY_UIApplicationSceneManifest_Generation[sdk=iphonesimulator*]" = YES;
				"INFOPLIST_KEY_UIApplicationSupportsIndirectInputEvents[sdk=iphoneos*]" = YES;
				"INFOPLIST_KEY_UIApplicationSupportsIndirectInputEvents[sdk=iphonesimulator*]" = YES;
				"INFOPLIST_KEY_UILaunchScreen_Generation[sdk=iphoneos*]" = YES;
				"INFOPLIST_KEY_UILaunchScreen_Generation[sdk=iphonesimulator*]" = YES;
				"INFOPLIST_KEY_UIStatusBarStyle[sdk=iphoneos*]" = UIStatusBarStyleDefault;
				"INFOPLIST_KEY_UIStatusBarStyle[sdk=iphonesimulator*]" = UIStatusBarStyleDefault;
				INFOPLIST_KEY_UISupportedInterfaceOrientations = UIInterfaceOrientationPortrait;
				INFOPLIST_KEY_UISupportedInterfaceOrientations_iPad = "UIInterfaceOrientationLandscapeLeft UIInterfaceOrientationLandscapeRight UIInterfaceOrientationPortrait UIInterfaceOrientationPortraitUpsideDown";
				IPHONEOS_DEPLOYMENT_TARGET = 17.2;
				LD_RUNPATH_SEARCH_PATHS = "@executable_path/Frameworks";
				"LD_RUNPATH_SEARCH_PATHS[sdk=macosx*]" = "@executable_path/../Frameworks";
				MACOSX_DEPLOYMENT_TARGET = 14.2;
				MARKETING_VERSION = 2.1;
				PRODUCT_BUNDLE_IDENTIFIER = com.pazderka.WidgetApp;
				PRODUCT_NAME = "$(TARGET_NAME)";
				PROVISIONING_PROFILE_SPECIFIER = "";
				SDKROOT = auto;
				SUPPORTED_PLATFORMS = "iphoneos iphonesimulator";
				SUPPORTS_MACCATALYST = NO;
				SUPPORTS_MAC_DESIGNED_FOR_IPHONE_IPAD = YES;
				SWIFT_EMIT_LOC_STRINGS = YES;
				SWIFT_VERSION = 5.0;
				TARGETED_DEVICE_FAMILY = "1,2";
			};
			name = Debug;
		};
		7F44D4182B34440600730DA6 /* Release */ = {
			isa = XCBuildConfiguration;
			buildSettings = {
				ALWAYS_EMBED_SWIFT_STANDARD_LIBRARIES = YES;
				ASSETCATALOG_COMPILER_APPICON_NAME = AppIcon;
				ASSETCATALOG_COMPILER_GLOBAL_ACCENT_COLOR_NAME = AccentColor;
				CODE_SIGN_ENTITLEMENTS = WidgetApp/WidgetApp.entitlements;
				CODE_SIGN_IDENTITY = "Apple Development";
				CODE_SIGN_STYLE = Automatic;
				CURRENT_PROJECT_VERSION = 2;
				DEAD_CODE_STRIPPING = YES;
				DEVELOPMENT_ASSET_PATHS = "\"WidgetApp/Preview Content\"";
				DEVELOPMENT_TEAM = 3HV23S92WL;
				ENABLE_HARDENED_RUNTIME = YES;
				ENABLE_PREVIEWS = YES;
				GENERATE_INFOPLIST_FILE = YES;
				INFOPLIST_FILE = WidgetApp/Info.plist;
				INFOPLIST_KEY_CFBundleDisplayName = EchoFrame;
				INFOPLIST_KEY_LSApplicationCategoryType = "public.app-category.utilities";
				"INFOPLIST_KEY_UIApplicationSceneManifest_Generation[sdk=iphoneos*]" = YES;
				"INFOPLIST_KEY_UIApplicationSceneManifest_Generation[sdk=iphonesimulator*]" = YES;
				"INFOPLIST_KEY_UIApplicationSupportsIndirectInputEvents[sdk=iphoneos*]" = YES;
				"INFOPLIST_KEY_UIApplicationSupportsIndirectInputEvents[sdk=iphonesimulator*]" = YES;
				"INFOPLIST_KEY_UILaunchScreen_Generation[sdk=iphoneos*]" = YES;
				"INFOPLIST_KEY_UILaunchScreen_Generation[sdk=iphonesimulator*]" = YES;
				"INFOPLIST_KEY_UIStatusBarStyle[sdk=iphoneos*]" = UIStatusBarStyleDefault;
				"INFOPLIST_KEY_UIStatusBarStyle[sdk=iphonesimulator*]" = UIStatusBarStyleDefault;
				INFOPLIST_KEY_UISupportedInterfaceOrientations = UIInterfaceOrientationPortrait;
				INFOPLIST_KEY_UISupportedInterfaceOrientations_iPad = "UIInterfaceOrientationLandscapeLeft UIInterfaceOrientationLandscapeRight UIInterfaceOrientationPortrait UIInterfaceOrientationPortraitUpsideDown";
				IPHONEOS_DEPLOYMENT_TARGET = 17.2;
				LD_RUNPATH_SEARCH_PATHS = "@executable_path/Frameworks";
				"LD_RUNPATH_SEARCH_PATHS[sdk=macosx*]" = "@executable_path/../Frameworks";
				MACOSX_DEPLOYMENT_TARGET = 14.2;
				MARKETING_VERSION = 2.1;
				PRODUCT_BUNDLE_IDENTIFIER = com.pazderka.WidgetApp;
				PRODUCT_NAME = "$(TARGET_NAME)";
				PROVISIONING_PROFILE_SPECIFIER = "";
				SDKROOT = auto;
				SUPPORTED_PLATFORMS = "iphoneos iphonesimulator";
				SUPPORTS_MACCATALYST = NO;
				SUPPORTS_MAC_DESIGNED_FOR_IPHONE_IPAD = YES;
				SWIFT_EMIT_LOC_STRINGS = YES;
				SWIFT_VERSION = 5.0;
				TARGETED_DEVICE_FAMILY = "1,2";
			};
			name = Release;
		};
		7F44D4632B34498A00730DA6 /* Debug */ = {
			isa = XCBuildConfiguration;
			buildSettings = {
				ASSETCATALOG_COMPILER_GLOBAL_ACCENT_COLOR_NAME = AccentColor;
				ASSETCATALOG_COMPILER_WIDGET_BACKGROUND_COLOR_NAME = WidgetBackground;
				CODE_SIGN_ENTITLEMENTS = WidgetExtension/WidgetAppWidget.entitlements;
				CODE_SIGN_STYLE = Automatic;
				CURRENT_PROJECT_VERSION = 2;
				DEAD_CODE_STRIPPING = YES;
				DEVELOPMENT_TEAM = 3HV23S92WL;
				ENABLE_HARDENED_RUNTIME = YES;
				GENERATE_INFOPLIST_FILE = YES;
				INFOPLIST_FILE = WidgetExtension/Info.plist;
				INFOPLIST_KEY_CFBundleDisplayName = WidgetExtension;
				INFOPLIST_KEY_NSHumanReadableCopyright = "";
				IPHONEOS_DEPLOYMENT_TARGET = 17.1;
				LD_RUNPATH_SEARCH_PATHS = (
					"$(inherited)",
					"@executable_path/Frameworks",
					"@executable_path/../../Frameworks",
				);
				"LD_RUNPATH_SEARCH_PATHS[sdk=macosx*]" = (
					"$(inherited)",
					"@executable_path/../Frameworks",
					"@executable_path/../../../../Frameworks",
				);
				MACOSX_DEPLOYMENT_TARGET = 14.0;
				MARKETING_VERSION = 1.0;
				PRODUCT_BUNDLE_IDENTIFIER = com.pazderka.WidgetApp.WidgetAppWidget;
				PRODUCT_NAME = "$(TARGET_NAME)";
				SDKROOT = auto;
				SKIP_INSTALL = YES;
				SUPPORTED_PLATFORMS = "iphoneos iphonesimulator macosx";
				SWIFT_EMIT_LOC_STRINGS = YES;
				SWIFT_VERSION = 5.0;
				TARGETED_DEVICE_FAMILY = "1,2";
			};
			name = Debug;
		};
		7F44D4642B34498A00730DA6 /* Release */ = {
			isa = XCBuildConfiguration;
			buildSettings = {
				ASSETCATALOG_COMPILER_GLOBAL_ACCENT_COLOR_NAME = AccentColor;
				ASSETCATALOG_COMPILER_WIDGET_BACKGROUND_COLOR_NAME = WidgetBackground;
				CODE_SIGN_ENTITLEMENTS = WidgetExtension/WidgetAppWidget.entitlements;
				CODE_SIGN_STYLE = Automatic;
				CURRENT_PROJECT_VERSION = 2;
				DEAD_CODE_STRIPPING = YES;
				DEVELOPMENT_TEAM = 3HV23S92WL;
				ENABLE_HARDENED_RUNTIME = YES;
				GENERATE_INFOPLIST_FILE = YES;
				INFOPLIST_FILE = WidgetExtension/Info.plist;
				INFOPLIST_KEY_CFBundleDisplayName = WidgetExtension;
				INFOPLIST_KEY_NSHumanReadableCopyright = "";
				IPHONEOS_DEPLOYMENT_TARGET = 17.1;
				LD_RUNPATH_SEARCH_PATHS = (
					"$(inherited)",
					"@executable_path/Frameworks",
					"@executable_path/../../Frameworks",
				);
				"LD_RUNPATH_SEARCH_PATHS[sdk=macosx*]" = (
					"$(inherited)",
					"@executable_path/../Frameworks",
					"@executable_path/../../../../Frameworks",
				);
				MACOSX_DEPLOYMENT_TARGET = 14.0;
				MARKETING_VERSION = 1.0;
				PRODUCT_BUNDLE_IDENTIFIER = com.pazderka.WidgetApp.WidgetAppWidget;
				PRODUCT_NAME = "$(TARGET_NAME)";
				SDKROOT = auto;
				SKIP_INSTALL = YES;
				SUPPORTED_PLATFORMS = "iphoneos iphonesimulator macosx";
				SWIFT_EMIT_LOC_STRINGS = YES;
				SWIFT_VERSION = 5.0;
				TARGETED_DEVICE_FAMILY = "1,2";
			};
			name = Release;
		};
/* End XCBuildConfiguration section */

/* Begin XCConfigurationList section */
		7F44D4022B34440400730DA6 /* Build configuration list for PBXProject "WidgetApp" */ = {
			isa = XCConfigurationList;
			buildConfigurations = (
				7F44D4142B34440600730DA6 /* Debug */,
				7F44D4152B34440600730DA6 /* Release */,
			);
			defaultConfigurationIsVisible = 0;
			defaultConfigurationName = Release;
		};
		7F44D4162B34440600730DA6 /* Build configuration list for PBXNativeTarget "WidgetApp" */ = {
			isa = XCConfigurationList;
			buildConfigurations = (
				7F44D4172B34440600730DA6 /* Debug */,
				7F44D4182B34440600730DA6 /* Release */,
			);
			defaultConfigurationIsVisible = 0;
			defaultConfigurationName = Release;
		};
		7F44D4622B34498A00730DA6 /* Build configuration list for PBXNativeTarget "WidgetAppWidgetExtension" */ = {
			isa = XCConfigurationList;
			buildConfigurations = (
				7F44D4632B34498A00730DA6 /* Debug */,
				7F44D4642B34498A00730DA6 /* Release */,
			);
			defaultConfigurationIsVisible = 0;
			defaultConfigurationName = Release;
		};
/* End XCConfigurationList section */

/* Begin XCRemoteSwiftPackageReference section */
		7FFA4E772B48B5FF0098DAB0 /* XCRemoteSwiftPackageReference "IQKeyboardManager" */ = {
			isa = XCRemoteSwiftPackageReference;
			repositoryURL = "https://github.com/hackiftekhar/IQKeyboardManager.git";
			requirement = {
				kind = upToNextMajorVersion;
				minimumVersion = 6.5.16;
			};
		};
/* End XCRemoteSwiftPackageReference section */

/* Begin XCSwiftPackageProductDependency section */
		7FFA4E782B48B5FF0098DAB0 /* IQKeyboardManagerSwift */ = {
			isa = XCSwiftPackageProductDependency;
			package = 7FFA4E772B48B5FF0098DAB0 /* XCRemoteSwiftPackageReference "IQKeyboardManager" */;
			productName = IQKeyboardManagerSwift;
		};
/* End XCSwiftPackageProductDependency section */
	};
	rootObject = 7F44D3FF2B34440400730DA6 /* Project object */;
}
